{
  "name": "udemy-monorepo-beginner",
  "version": "1.0.0",
  "lockfileVersion": 3,
  "requires": true,
  "packages": {
    "": {
      "name": "udemy-monorepo-beginner",
      "version": "1.0.0",
      "license": "ISC",
      "bin": {
        "udemy-monorepo-beginner": "index.js"
      },
      "workspaces": {
        "packages": [
          "packages/*"
        ]
      }
    },
    "node_modules/@udemy-monorepo-beginner/module-a": {
      "resolved": "packages/module-a",
      "link": true
    },
    "node_modules/@udemy-monorepo-beginner/module-b": {
      "resolved": "packages/module-b",
      "link": true
    },
    "node_modules/lodash": {
      "version": "4.17.21",
      "resolved": "https://registry.npmjs.org/lodash/-/lodash-4.17.21.tgz",
      "integrity": "sha512-v2kDEe57lecTulaDIuNTPy3Ry4gLGJ6Z1O3vE1krgXZNrsQ+LFTGHVxVjcXPs17LhbZVGedAJv8XZ1tvj5FvSg=="
    },
    "packages/module-a": {
      "name": "@udemy-monorepo-beginner/module-a",
      "version": "1.0.0",
      "license": "ISC",
      "dependencies": {
        "@udemy-monorepo-beginner/module-b": "^1.0.0",
        "lodash": "^4.17.21"
      }
    },
    "packages/module-b": {
      "name": "@udemy-monorepo-beginner/module-b",
      "version": "1.0.0",
      "license": "ISC",
      "bin": {
        "mdb": "index.js"
      }
    }
  }
}
